
Microsoft Visual Studio Solution File, Format Version 12.00
# Visual Studio Version 17
VisualStudioVersion = 17.2.32519.379
MinimumVisualStudioVersion = 10.0.40219.1
Project("{FAE04EC0-301F-11D3-BF4B-00C04F79EFBC}") = "NorthTraderAPI", "NorthTraderAPI\NorthTraderAPI.csproj", "{BFDC3B03-931B-4ADA-903F-07EF0E61EDC1}"
EndProject
Global
	GlobalSection(SolutionConfigurationPlatforms) = preSolution
		Debug|Any CPU = Debug|Any CPU
		Release|Any CPU = Release|Any CPU
	EndGlobalSection
	GlobalSection(ProjectConfigurationPlatforms) = postSolution
		{BFDC3B03-931B-4ADA-903F-07EF0E61EDC1}.Debug|Any CPU.ActiveCfg = Debug|Any CPU
		{BFDC3B03-931B-4ADA-903F-07EF0E61EDC1}.Debug|Any CPU.Build.0 = Debug|Any CPU
		{BFDC3B03-931B-4ADA-903F-07EF0E61EDC1}.Release|Any CPU.ActiveCfg = Release|Any CPU
		{BFDC3B03-931B-4ADA-903F-07EF0E61EDC1}.Release|Any CPU.Build.0 = Release|Any CPU
	EndGlobalSection
	GlobalSection(SolutionProperties) = preSolution
		HideSolutionNode = FALSE
	EndGlobalSection
	GlobalSection(ExtensibilityGlobals) = postSolution
		SolutionGuid = {CAFE42D0-E0FA-40C4-9249-7DDEF9A24604}
	EndGlobalSection
EndGlobal
